
Microsoft Visual Studio Solution File, Format Version 12.00
# Visual Studio 15
VisualStudioVersion = 15.0.28307.421
MinimumVisualStudioVersion = 10.0.40219.1
Project("{FAE04EC0-301F-11D3-BF4B-00C04F79EFBC}") = "LibAffectiveFluids", "LibAffectiveLiquids\LibAffectiveFluids.csproj", "{9EADF1BA-B310-4DDB-882B-C163759E3369}"
EndProject
Project("{FAE04EC0-301F-11D3-BF4B-00C04F79EFBC}") = "ModLavaDemonstration", "ModLavaDemonstration\ModLavaDemonstration.csproj", "{A21403EE-03CF-4E0E-BED1-7564B7B479B8}"
EndProject
Project("{FAE04EC0-301F-11D3-BF4B-00C04F79EFBC}") = "LibXamlUI", "LibXamlUI\LibXamlUI.csproj", "{3640BD18-1811-4613-8DE7-8AD044BFE68C}"
EndProject
Project("{2150E333-8FDC-42A3-9474-1A3956D46DE8}") = "Tools", "Tools", "{84352CBA-DBF7-4CA4-9A2C-10000F48438F}"
EndProject
Project("{FAE04EC0-301F-11D3-BF4B-00C04F79EFBC}") = "XamlUICompiler", "XamlUICompiler\XamlUICompiler.csproj", "{C6E7046C-4013-422F-BDA8-11EFCA6704EC}"
EndProject
Project("{FAE04EC0-301F-11D3-BF4B-00C04F79EFBC}") = "LibArcanium", "LibArcanium\LibArcanium.csproj", "{95B90C47-5C37-4EC2-8BFF-AC917274CF73}"
EndProject
Project("{FAE04EC0-301F-11D3-BF4B-00C04F79EFBC}") = "LibClxSDI", "LibClxSDI\LibClxSDI.csproj", "{73C12A32-D61E-4885-9A6A-2F21F558FBF1}"
EndProject
Project("{FAE04EC0-301F-11D3-BF4B-00C04F79EFBC}") = "Ascension", "Ascension\Ascension.csproj", "{044451E9-1870-4BA4-81A7-BF26F454A643}"
	ProjectSection(ProjectDependencies) = postProject
		{3640BD18-1811-4613-8DE7-8AD044BFE68C} = {3640BD18-1811-4613-8DE7-8AD044BFE68C}
		{73C12A32-D61E-4885-9A6A-2F21F558FBF1} = {73C12A32-D61E-4885-9A6A-2F21F558FBF1}
		{95B90C47-5C37-4EC2-8BFF-AC917274CF73} = {95B90C47-5C37-4EC2-8BFF-AC917274CF73}
		{9EADF1BA-B310-4DDB-882B-C163759E3369} = {9EADF1BA-B310-4DDB-882B-C163759E3369}
	EndProjectSection
EndProject
Project("{2150E333-8FDC-42A3-9474-1A3956D46DE8}") = "Libraries", "Libraries", "{E2FAF2BD-57BA-4233-858F-EC0AF59902EA}"
EndProject
Project("{2150E333-8FDC-42A3-9474-1A3956D46DE8}") = "Tests", "Tests", "{C83D51F5-305D-4F12-9E64-82E10EF7051E}"
EndProject
Global
	GlobalSection(SolutionConfigurationPlatforms) = preSolution
		Debug|Any CPU = Debug|Any CPU
		Release|Any CPU = Release|Any CPU
	EndGlobalSection
	GlobalSection(ProjectConfigurationPlatforms) = postSolution
		{9EADF1BA-B310-4DDB-882B-C163759E3369}.Debug|Any CPU.ActiveCfg = Debug|Any CPU
		{9EADF1BA-B310-4DDB-882B-C163759E3369}.Debug|Any CPU.Build.0 = Debug|Any CPU
		{9EADF1BA-B310-4DDB-882B-C163759E3369}.Release|Any CPU.ActiveCfg = Release|Any CPU
		{9EADF1BA-B310-4DDB-882B-C163759E3369}.Release|Any CPU.Build.0 = Release|Any CPU
		{A21403EE-03CF-4E0E-BED1-7564B7B479B8}.Debug|Any CPU.ActiveCfg = Debug|Any CPU
		{A21403EE-03CF-4E0E-BED1-7564B7B479B8}.Debug|Any CPU.Build.0 = Debug|Any CPU
		{A21403EE-03CF-4E0E-BED1-7564B7B479B8}.Release|Any CPU.ActiveCfg = Release|Any CPU
		{A21403EE-03CF-4E0E-BED1-7564B7B479B8}.Release|Any CPU.Build.0 = Release|Any CPU
		{3640BD18-1811-4613-8DE7-8AD044BFE68C}.Debug|Any CPU.ActiveCfg = Debug|Any CPU
		{3640BD18-1811-4613-8DE7-8AD044BFE68C}.Debug|Any CPU.Build.0 = Debug|Any CPU
		{3640BD18-1811-4613-8DE7-8AD044BFE68C}.Release|Any CPU.ActiveCfg = Release|Any CPU
		{3640BD18-1811-4613-8DE7-8AD044BFE68C}.Release|Any CPU.Build.0 = Release|Any CPU
		{C6E7046C-4013-422F-BDA8-11EFCA6704EC}.Debug|Any CPU.ActiveCfg = Debug|Any CPU
		{C6E7046C-4013-422F-BDA8-11EFCA6704EC}.Debug|Any CPU.Build.0 = Debug|Any CPU
		{C6E7046C-4013-422F-BDA8-11EFCA6704EC}.Release|Any CPU.ActiveCfg = Release|Any CPU
		{C6E7046C-4013-422F-BDA8-11EFCA6704EC}.Release|Any CPU.Build.0 = Release|Any CPU
		{95B90C47-5C37-4EC2-8BFF-AC917274CF73}.Debug|Any CPU.ActiveCfg = Debug|Any CPU
		{95B90C47-5C37-4EC2-8BFF-AC917274CF73}.Debug|Any CPU.Build.0 = Debug|Any CPU
		{95B90C47-5C37-4EC2-8BFF-AC917274CF73}.Release|Any CPU.ActiveCfg = Release|Any CPU
		{95B90C47-5C37-4EC2-8BFF-AC917274CF73}.Release|Any CPU.Build.0 = Release|Any CPU
		{73C12A32-D61E-4885-9A6A-2F21F558FBF1}.Debug|Any CPU.ActiveCfg = Debug|Any CPU
		{73C12A32-D61E-4885-9A6A-2F21F558FBF1}.Debug|Any CPU.Build.0 = Debug|Any CPU
		{73C12A32-D61E-4885-9A6A-2F21F558FBF1}.Release|Any CPU.ActiveCfg = Release|Any CPU
		{73C12A32-D61E-4885-9A6A-2F21F558FBF1}.Release|Any CPU.Build.0 = Release|Any CPU
		{044451E9-1870-4BA4-81A7-BF26F454A643}.Debug|Any CPU.ActiveCfg = Debug|Any CPU
		{044451E9-1870-4BA4-81A7-BF26F454A643}.Debug|Any CPU.Build.0 = Debug|Any CPU
		{044451E9-1870-4BA4-81A7-BF26F454A643}.Release|Any CPU.ActiveCfg = Release|Any CPU
		{044451E9-1870-4BA4-81A7-BF26F454A643}.Release|Any CPU.Build.0 = Release|Any CPU
	EndGlobalSection
	GlobalSection(SolutionProperties) = preSolution
		HideSolutionNode = FALSE
	EndGlobalSection
	GlobalSection(NestedProjects) = preSolution
		{9EADF1BA-B310-4DDB-882B-C163759E3369} = {E2FAF2BD-57BA-4233-858F-EC0AF59902EA}
		{A21403EE-03CF-4E0E-BED1-7564B7B479B8} = {C83D51F5-305D-4F12-9E64-82E10EF7051E}
		{3640BD18-1811-4613-8DE7-8AD044BFE68C} = {E2FAF2BD-57BA-4233-858F-EC0AF59902EA}
		{C6E7046C-4013-422F-BDA8-11EFCA6704EC} = {84352CBA-DBF7-4CA4-9A2C-10000F48438F}
		{95B90C47-5C37-4EC2-8BFF-AC917274CF73} = {E2FAF2BD-57BA-4233-858F-EC0AF59902EA}
		{73C12A32-D61E-4885-9A6A-2F21F558FBF1} = {E2FAF2BD-57BA-4233-858F-EC0AF59902EA}
	EndGlobalSection
	GlobalSection(ExtensibilityGlobals) = postSolution
		SolutionGuid = {0C7DB4B6-A41A-4B5A-B8CB-1AA24C2E293B}
	EndGlobalSection
EndGlobal
